// !$*UTF8*$!
{
	archiveVersion = 1;
	classes = {
	};
	objectVersion = 46;
	objects = {

/* Begin PBXBuildFile section */
		2219A61B1C9DF2FE008BE5F9 /* EnemyPaddle.mm in Sources */ = {isa = PBXBuildFile; fileRef = 2219A61A1C9DF2FE008BE5F9 /* EnemyPaddle.mm */; };
		22270DBE1C8CC09200960454 /* MathUtils.m in Sources */ = {isa = PBXBuildFile; fileRef = 22270DBD1C8CC09200960454 /* MathUtils.m */; };
		22372DDF1C77E7770058FF72 /* Sprite.m in Sources */ = {isa = PBXBuildFile; fileRef = 22372DDE1C77E7770058FF72 /* Sprite.m */; };
		22372DE51C77EB470058FF72 /* SpriteProgram.m in Sources */ = {isa = PBXBuildFile; fileRef = 22372DE41C77EB470058FF72 /* SpriteProgram.m */; };
		22372DE71C77EB920058FF72 /* SpriteShader.fsh in Resources */ = {isa = PBXBuildFile; fileRef = 22372DE61C77EB920058FF72 /* SpriteShader.fsh */; };
		226AAB511C9C862800833AD5 /* b2BroadPhase.cpp in Sources */ = {isa = PBXBuildFile; fileRef = 226AAAEF1C9C862800833AD5 /* b2BroadPhase.cpp */; };
		226AAB521C9C862800833AD5 /* b2CollideCircle.cpp in Sources */ = {isa = PBXBuildFile; fileRef = 226AAAF11C9C862800833AD5 /* b2CollideCircle.cpp */; };
		226AAB531C9C862800833AD5 /* b2CollideEdge.cpp in Sources */ = {isa = PBXBuildFile; fileRef = 226AAAF21C9C862800833AD5 /* b2CollideEdge.cpp */; };
		226AAB541C9C862800833AD5 /* b2CollidePolygon.cpp in Sources */ = {isa = PBXBuildFile; fileRef = 226AAAF31C9C862800833AD5 /* b2CollidePolygon.cpp */; };
		226AAB551C9C862800833AD5 /* b2Collision.cpp in Sources */ = {isa = PBXBuildFile; fileRef = 226AAAF41C9C862800833AD5 /* b2Collision.cpp */; };
		226AAB561C9C862800833AD5 /* b2Distance.cpp in Sources */ = {isa = PBXBuildFile; fileRef = 226AAAF61C9C862800833AD5 /* b2Distance.cpp */; };
		226AAB571C9C862800833AD5 /* b2DynamicTree.cpp in Sources */ = {isa = PBXBuildFile; fileRef = 226AAAF81C9C862800833AD5 /* b2DynamicTree.cpp */; };
		226AAB581C9C862800833AD5 /* b2TimeOfImpact.cpp in Sources */ = {isa = PBXBuildFile; fileRef = 226AAAFA1C9C862800833AD5 /* b2TimeOfImpact.cpp */; };
		226AAB591C9C862800833AD5 /* b2ChainShape.cpp in Sources */ = {isa = PBXBuildFile; fileRef = 226AAAFD1C9C862800833AD5 /* b2ChainShape.cpp */; };
		226AAB5A1C9C862800833AD5 /* b2CircleShape.cpp in Sources */ = {isa = PBXBuildFile; fileRef = 226AAAFF1C9C862800833AD5 /* b2CircleShape.cpp */; };
		226AAB5B1C9C862800833AD5 /* b2EdgeShape.cpp in Sources */ = {isa = PBXBuildFile; fileRef = 226AAB011C9C862800833AD5 /* b2EdgeShape.cpp */; };
		226AAB5C1C9C862800833AD5 /* b2PolygonShape.cpp in Sources */ = {isa = PBXBuildFile; fileRef = 226AAB031C9C862800833AD5 /* b2PolygonShape.cpp */; };
		226AAB5D1C9C862800833AD5 /* b2BlockAllocator.cpp in Sources */ = {isa = PBXBuildFile; fileRef = 226AAB071C9C862800833AD5 /* b2BlockAllocator.cpp */; };
		226AAB5E1C9C862800833AD5 /* b2Draw.cpp in Sources */ = {isa = PBXBuildFile; fileRef = 226AAB091C9C862800833AD5 /* b2Draw.cpp */; };
		226AAB5F1C9C862800833AD5 /* b2Math.cpp in Sources */ = {isa = PBXBuildFile; fileRef = 226AAB0C1C9C862800833AD5 /* b2Math.cpp */; };
		226AAB601C9C862800833AD5 /* b2Settings.cpp in Sources */ = {isa = PBXBuildFile; fileRef = 226AAB0E1C9C862800833AD5 /* b2Settings.cpp */; };
		226AAB611C9C862800833AD5 /* b2StackAllocator.cpp in Sources */ = {isa = PBXBuildFile; fileRef = 226AAB101C9C862800833AD5 /* b2StackAllocator.cpp */; };
		226AAB621C9C862800833AD5 /* b2Timer.cpp in Sources */ = {isa = PBXBuildFile; fileRef = 226AAB121C9C862800833AD5 /* b2Timer.cpp */; };
		226AAB631C9C862800833AD5 /* b2Body.cpp in Sources */ = {isa = PBXBuildFile; fileRef = 226AAB151C9C862800833AD5 /* b2Body.cpp */; };
		226AAB641C9C862800833AD5 /* b2ContactManager.cpp in Sources */ = {isa = PBXBuildFile; fileRef = 226AAB171C9C862800833AD5 /* b2ContactManager.cpp */; };
		226AAB651C9C862800833AD5 /* b2Fixture.cpp in Sources */ = {isa = PBXBuildFile; fileRef = 226AAB191C9C862800833AD5 /* b2Fixture.cpp */; };
		226AAB661C9C862800833AD5 /* b2Island.cpp in Sources */ = {isa = PBXBuildFile; fileRef = 226AAB1B1C9C862800833AD5 /* b2Island.cpp */; };
		226AAB671C9C862800833AD5 /* b2World.cpp in Sources */ = {isa = PBXBuildFile; fileRef = 226AAB1E1C9C862800833AD5 /* b2World.cpp */; };
		226AAB681C9C862800833AD5 /* b2WorldCallbacks.cpp in Sources */ = {isa = PBXBuildFile; fileRef = 226AAB201C9C862800833AD5 /* b2WorldCallbacks.cpp */; };
		226AAB691C9C862800833AD5 /* b2ChainAndCircleContact.cpp in Sources */ = {isa = PBXBuildFile; fileRef = 226AAB231C9C862800833AD5 /* b2ChainAndCircleContact.cpp */; };
		226AAB6A1C9C862800833AD5 /* b2ChainAndPolygonContact.cpp in Sources */ = {isa = PBXBuildFile; fileRef = 226AAB251C9C862800833AD5 /* b2ChainAndPolygonContact.cpp */; };
		226AAB6B1C9C862800833AD5 /* b2CircleContact.cpp in Sources */ = {isa = PBXBuildFile; fileRef = 226AAB271C9C862800833AD5 /* b2CircleContact.cpp */; };
		226AAB6C1C9C862800833AD5 /* b2Contact.cpp in Sources */ = {isa = PBXBuildFile; fileRef = 226AAB291C9C862800833AD5 /* b2Contact.cpp */; };
		226AAB6D1C9C862800833AD5 /* b2ContactSolver.cpp in Sources */ = {isa = PBXBuildFile; fileRef = 226AAB2B1C9C862800833AD5 /* b2ContactSolver.cpp */; };
		226AAB6E1C9C862800833AD5 /* b2EdgeAndCircleContact.cpp in Sources */ = {isa = PBXBuildFile; fileRef = 226AAB2D1C9C862800833AD5 /* b2EdgeAndCircleContact.cpp */; };
		226AAB6F1C9C862800833AD5 /* b2EdgeAndPolygonContact.cpp in Sources */ = {isa = PBXBuildFile; fileRef = 226AAB2F1C9C862800833AD5 /* b2EdgeAndPolygonContact.cpp */; };
		226AAB701C9C862800833AD5 /* b2PolygonAndCircleContact.cpp in Sources */ = {isa = PBXBuildFile; fileRef = 226AAB311C9C862800833AD5 /* b2PolygonAndCircleContact.cpp */; };
		226AAB711C9C862800833AD5 /* b2PolygonContact.cpp in Sources */ = {isa = PBXBuildFile; fileRef = 226AAB331C9C862800833AD5 /* b2PolygonContact.cpp */; };
		226AAB721C9C862800833AD5 /* b2DistanceJoint.cpp in Sources */ = {isa = PBXBuildFile; fileRef = 226AAB361C9C862800833AD5 /* b2DistanceJoint.cpp */; };
		226AAB731C9C862800833AD5 /* b2FrictionJoint.cpp in Sources */ = {isa = PBXBuildFile; fileRef = 226AAB381C9C862800833AD5 /* b2FrictionJoint.cpp */; };
		226AAB741C9C862800833AD5 /* b2GearJoint.cpp in Sources */ = {isa = PBXBuildFile; fileRef = 226AAB3A1C9C862800833AD5 /* b2GearJoint.cpp */; };
		226AAB751C9C862800833AD5 /* b2Joint.cpp in Sources */ = {isa = PBXBuildFile; fileRef = 226AAB3C1C9C862800833AD5 /* b2Joint.cpp */; };
		226AAB761C9C862800833AD5 /* b2MotorJoint.cpp in Sources */ = {isa = PBXBuildFile; fileRef = 226AAB3E1C9C862800833AD5 /* b2MotorJoint.cpp */; };
		226AAB771C9C862800833AD5 /* b2MouseJoint.cpp in Sources */ = {isa = PBXBuildFile; fileRef = 226AAB401C9C862800833AD5 /* b2MouseJoint.cpp */; };
		226AAB781C9C862800833AD5 /* b2PrismaticJoint.cpp in Sources */ = {isa = PBXBuildFile; fileRef = 226AAB421C9C862800833AD5 /* b2PrismaticJoint.cpp */; };
		226AAB791C9C862800833AD5 /* b2PulleyJoint.cpp in Sources */ = {isa = PBXBuildFile; fileRef = 226AAB441C9C862800833AD5 /* b2PulleyJoint.cpp */; };
		226AAB7A1C9C862800833AD5 /* b2RevoluteJoint.cpp in Sources */ = {isa = PBXBuildFile; fileRef = 226AAB461C9C862800833AD5 /* b2RevoluteJoint.cpp */; };
		226AAB7B1C9C862800833AD5 /* b2RopeJoint.cpp in Sources */ = {isa = PBXBuildFile; fileRef = 226AAB481C9C862800833AD5 /* b2RopeJoint.cpp */; };
		226AAB7C1C9C862800833AD5 /* b2WeldJoint.cpp in Sources */ = {isa = PBXBuildFile; fileRef = 226AAB4A1C9C862800833AD5 /* b2WeldJoint.cpp */; };
		226AAB7D1C9C862800833AD5 /* b2WheelJoint.cpp in Sources */ = {isa = PBXBuildFile; fileRef = 226AAB4C1C9C862800833AD5 /* b2WheelJoint.cpp */; };
		226AAB7E1C9C862800833AD5 /* b2Rope.cpp in Sources */ = {isa = PBXBuildFile; fileRef = 226AAB4F1C9C862800833AD5 /* b2Rope.cpp */; };
		226AAB811C9C9EA500833AD5 /* Ball.mm in Sources */ = {isa = PBXBuildFile; fileRef = 226AAB801C9C9EA500833AD5 /* Ball.mm */; };
		226AAB831C9C9F2E00833AD5 /* Ball.png in Resources */ = {isa = PBXBuildFile; fileRef = 226AAB821C9C9F2E00833AD5 /* Ball.png */; };
		226AAB991C9DEE9600833AD5 /* Wall.mm in Sources */ = {isa = PBXBuildFile; fileRef = 226AAB981C9DEE9600833AD5 /* Wall.mm */; };
		226CC78D1C9BB60000B15A12 /* PlayerPaddle.mm in Sources */ = {isa = PBXBuildFile; fileRef = 226CC78C1C9BB60000B15A12 /* PlayerPaddle.mm */; };
		226CC78F1C9BB75E00B15A12 /* Paddle.png in Resources */ = {isa = PBXBuildFile; fileRef = 226CC78E1C9BB75E00B15A12 /* Paddle.png */; };
		226CC7921C9BB81300B15A12 /* TextureLoader.m in Sources */ = {isa = PBXBuildFile; fileRef = 226CC7911C9BB81300B15A12 /* TextureLoader.m */; };
		22B0EED01C6C33BC00B2FA35 /* main.m in Sources */ = {isa = PBXBuildFile; fileRef = 22B0EECF1C6C33BC00B2FA35 /* main.m */; };
		22B0EED31C6C33BC00B2FA35 /* AppDelegate.m in Sources */ = {isa = PBXBuildFile; fileRef = 22B0EED21C6C33BC00B2FA35 /* AppDelegate.m */; };
		22B0EED51C6C33BC00B2FA35 /* BasicShader.fsh in Resources */ = {isa = PBXBuildFile; fileRef = 22B0EED41C6C33BC00B2FA35 /* BasicShader.fsh */; };
		22B0EED71C6C33BC00B2FA35 /* BasicShader.vsh in Resources */ = {isa = PBXBuildFile; fileRef = 22B0EED61C6C33BC00B2FA35 /* BasicShader.vsh */; };
		22B0EEDA1C6C33BC00B2FA35 /* GameViewController.m in Sources */ = {isa = PBXBuildFile; fileRef = 22B0EED91C6C33BC00B2FA35 /* GameViewController.m */; };
		22B0EEDD1C6C33BC00B2FA35 /* Main.storyboard in Resources */ = {isa = PBXBuildFile; fileRef = 22B0EEDB1C6C33BC00B2FA35 /* Main.storyboard */; };
		22B0EEDF1C6C33BC00B2FA35 /* Assets.xcassets in Resources */ = {isa = PBXBuildFile; fileRef = 22B0EEDE1C6C33BC00B2FA35 /* Assets.xcassets */; };
		22B0EEE21C6C33BC00B2FA35 /* LaunchScreen.storyboard in Resources */ = {isa = PBXBuildFile; fileRef = 22B0EEE01C6C33BC00B2FA35 /* LaunchScreen.storyboard */; };
		22D10CE51C6EA506005E7F8C /* GameScene.mm in Sources */ = {isa = PBXBuildFile; fileRef = 22D10CE41C6EA506005E7F8C /* GameScene.mm */; };
		22D10CE81C6EA836005E7F8C /* Entity.m in Sources */ = {isa = PBXBuildFile; fileRef = 22D10CE71C6EA836005E7F8C /* Entity.m */; };
		22D10CEA1C6EA839005E7F8C /* Scene.m in Sources */ = {isa = PBXBuildFile; fileRef = 22D10CE91C6EA839005E7F8C /* Scene.m */; };
		22D10CED1C6EACF3005E7F8C /* Model.m in Sources */ = {isa = PBXBuildFile; fileRef = 22D10CEC1C6EACF3005E7F8C /* Model.m */; };
		22D10CF11C6EB147005E7F8C /* Program.m in Sources */ = {isa = PBXBuildFile; fileRef = 22D10CF01C6EB147005E7F8C /* Program.m */; };
		22D10D1B1C6EB6DC005E7F8C /* BasicProgram.m in Sources */ = {isa = PBXBuildFile; fileRef = 22D10D1A1C6EB6DC005E7F8C /* BasicProgram.m */; };
		22D10D251C6EDABC005E7F8C /* Vector.m in Sources */ = {isa = PBXBuildFile; fileRef = 22D10D241C6EDABC005E7F8C /* Vector.m */; };
		22D10D281C6EE2E1005E7F8C /* Camera.m in Sources */ = {isa = PBXBuildFile; fileRef = 22D10D271C6EE2E1005E7F8C /* Camera.m */; };
/* End PBXBuildFile section */

/* Begin PBXFileReference section */
		2219A6191C9DF2D8008BE5F9 /* EnemyPaddle.h */ = {isa = PBXFileReference; lastKnownFileType = sourcecode.c.h; path = EnemyPaddle.h; sourceTree = "<group>"; };
		2219A61A1C9DF2FE008BE5F9 /* EnemyPaddle.mm */ = {isa = PBXFileReference; fileEncoding = 4; lastKnownFileType = sourcecode.cpp.objcpp; path = EnemyPaddle.mm; sourceTree = "<group>"; };
		22270DBC1C8CC04D00960454 /* MathUtils.h */ = {isa = PBXFileReference; lastKnownFileType = sourcecode.c.h; path = MathUtils.h; sourceTree = "<group>"; };
		22270DBD1C8CC09200960454 /* MathUtils.m */ = {isa = PBXFileReference; fileEncoding = 4; lastKnownFileType = sourcecode.c.objc; path = MathUtils.m; sourceTree = "<group>"; };
		22372DDD1C77E7410058FF72 /* Sprite.h */ = {isa = PBXFileReference; lastKnownFileType = sourcecode.c.h; path = Sprite.h; sourceTree = "<group>"; };
		22372DDE1C77E7770058FF72 /* Sprite.m */ = {isa = PBXFileReference; fileEncoding = 4; lastKnownFileType = sourcecode.c.objc; path = Sprite.m; sourceTree = "<group>"; };
		22372DE31C77EB310058FF72 /* SpriteProgram.h */ = {isa = PBXFileReference; lastKnownFileType = sourcecode.c.h; path = SpriteProgram.h; sourceTree = "<group>"; };
		22372DE41C77EB470058FF72 /* SpriteProgram.m */ = {isa = PBXFileReference; fileEncoding = 4; lastKnownFileType = sourcecode.c.objc; path = SpriteProgram.m; sourceTree = "<group>"; };
		22372DE61C77EB920058FF72 /* SpriteShader.fsh */ = {isa = PBXFileReference; fileEncoding = 4; lastKnownFileType = sourcecode.glsl; path = SpriteShader.fsh; sourceTree = "<group>"; };
		226AAAED1C9C862800833AD5 /* Box2D.h */ = {isa = PBXFileReference; fileEncoding = 4; lastKnownFileType = sourcecode.c.h; path = Box2D.h; sourceTree = "<group>"; };
		226AAAEF1C9C862800833AD5 /* b2BroadPhase.cpp */ = {isa = PBXFileReference; fileEncoding = 4; lastKnownFileType = sourcecode.cpp.cpp; path = b2BroadPhase.cpp; sourceTree = "<group>"; };
		226AAAF01C9C862800833AD5 /* b2BroadPhase.h */ = {isa = PBXFileReference; fileEncoding = 4; lastKnownFileType = sourcecode.c.h; path = b2BroadPhase.h; sourceTree = "<group>"; };
		226AAAF11C9C862800833AD5 /* b2CollideCircle.cpp */ = {isa = PBXFileReference; fileEncoding = 4; lastKnownFileType = sourcecode.cpp.cpp; path = b2CollideCircle.cpp; sourceTree = "<group>"; };
		226AAAF21C9C862800833AD5 /* b2CollideEdge.cpp */ = {isa = PBXFileReference; fileEncoding = 4; lastKnownFileType = sourcecode.cpp.cpp; path = b2CollideEdge.cpp; sourceTree = "<group>"; };
		226AAAF31C9C862800833AD5 /* b2CollidePolygon.cpp */ = {isa = PBXFileReference; fileEncoding = 4; lastKnownFileType = sourcecode.cpp.cpp; path = b2CollidePolygon.cpp; sourceTree = "<group>"; };
		226AAAF41C9C862800833AD5 /* b2Collision.cpp */ = {isa = PBXFileReference; fileEncoding = 4; lastKnownFileType = sourcecode.cpp.cpp; path = b2Collision.cpp; sourceTree = "<group>"; };
		226AAAF51C9C862800833AD5 /* b2Collision.h */ = {isa = PBXFileReference; fileEncoding = 4; lastKnownFileType = sourcecode.c.h; path = b2Collision.h; sourceTree = "<group>"; };
		226AAAF61C9C862800833AD5 /* b2Distance.cpp */ = {isa = PBXFileReference; fileEncoding = 4; lastKnownFileType = sourcecode.cpp.cpp; path = b2Distance.cpp; sourceTree = "<group>"; };
		226AAAF71C9C862800833AD5 /* b2Distance.h */ = {isa = PBXFileReference; fileEncoding = 4; lastKnownFileType = sourcecode.c.h; path = b2Distance.h; sourceTree = "<group>"; };
		226AAAF81C9C862800833AD5 /* b2DynamicTree.cpp */ = {isa = PBXFileReference; fileEncoding = 4; lastKnownFileType = sourcecode.cpp.cpp; path = b2DynamicTree.cpp; sourceTree = "<group>"; };
		226AAAF91C9C862800833AD5 /* b2DynamicTree.h */ = {isa = PBXFileReference; fileEncoding = 4; lastKnownFileType = sourcecode.c.h; path = b2DynamicTree.h; sourceTree = "<group>"; };
		226AAAFA1C9C862800833AD5 /* b2TimeOfImpact.cpp */ = {isa = PBXFileReference; fileEncoding = 4; lastKnownFileType = sourcecode.cpp.cpp; path = b2TimeOfImpact.cpp; sourceTree = "<group>"; };
		226AAAFB1C9C862800833AD5 /* b2TimeOfImpact.h */ = {isa = PBXFileReference; fileEncoding = 4; lastKnownFileType = sourcecode.c.h; path = b2TimeOfImpact.h; sourceTree = "<group>"; };
		226AAAFD1C9C862800833AD5 /* b2ChainShape.cpp */ = {isa = PBXFileReference; fileEncoding = 4; lastKnownFileType = sourcecode.cpp.cpp; path = b2ChainShape.cpp; sourceTree = "<group>"; };
		226AAAFE1C9C862800833AD5 /* b2ChainShape.h */ = {isa = PBXFileReference; fileEncoding = 4; lastKnownFileType = sourcecode.c.h; path = b2ChainShape.h; sourceTree = "<group>"; };
		226AAAFF1C9C862800833AD5 /* b2CircleShape.cpp */ = {isa = PBXFileReference; fileEncoding = 4; lastKnownFileType = sourcecode.cpp.cpp; path = b2CircleShape.cpp; sourceTree = "<group>"; };
		226AAB001C9C862800833AD5 /* b2CircleShape.h */ = {isa = PBXFileReference; fileEncoding = 4; lastKnownFileType = sourcecode.c.h; path = b2CircleShape.h; sourceTree = "<group>"; };
		226AAB011C9C862800833AD5 /* b2EdgeShape.cpp */ = {isa = PBXFileReference; fileEncoding = 4; lastKnownFileType = sourcecode.cpp.cpp; path = b2EdgeShape.cpp; sourceTree = "<group>"; };
		226AAB021C9C862800833AD5 /* b2EdgeShape.h */ = {isa = PBXFileReference; fileEncoding = 4; lastKnownFileType = sourcecode.c.h; path = b2EdgeShape.h; sourceTree = "<group>"; };
		226AAB031C9C862800833AD5 /* b2PolygonShape.cpp */ = {isa = PBXFileReference; fileEncoding = 4; lastKnownFileType = sourcecode.cpp.cpp; path = b2PolygonShape.cpp; sourceTree = "<group>"; };
		226AAB041C9C862800833AD5 /* b2PolygonShape.h */ = {isa = PBXFileReference; fileEncoding = 4; lastKnownFileType = sourcecode.c.h; path = b2PolygonShape.h; sourceTree = "<group>"; };
		226AAB051C9C862800833AD5 /* b2Shape.h */ = {isa = PBXFileReference; fileEncoding = 4; lastKnownFileType = sourcecode.c.h; path = b2Shape.h; sourceTree = "<group>"; };
		226AAB071C9C862800833AD5 /* b2BlockAllocator.cpp */ = {isa = PBXFileReference; fileEncoding = 4; lastKnownFileType = sourcecode.cpp.cpp; path = b2BlockAllocator.cpp; sourceTree = "<group>"; };
		226AAB081C9C862800833AD5 /* b2BlockAllocator.h */ = {isa = PBXFileReference; fileEncoding = 4; lastKnownFileType = sourcecode.c.h; path = b2BlockAllocator.h; sourceTree = "<group>"; };
		226AAB091C9C862800833AD5 /* b2Draw.cpp */ = {isa = PBXFileReference; fileEncoding = 4; lastKnownFileType = sourcecode.cpp.cpp; path = b2Draw.cpp; sourceTree = "<group>"; };
		226AAB0A1C9C862800833AD5 /* b2Draw.h */ = {isa = PBXFileReference; fileEncoding = 4; lastKnownFileType = sourcecode.c.h; path = b2Draw.h; sourceTree = "<group>"; };
		226AAB0B1C9C862800833AD5 /* b2GrowableStack.h */ = {isa = PBXFileReference; fileEncoding = 4; lastKnownFileType = sourcecode.c.h; path = b2GrowableStack.h; sourceTree = "<group>"; };
		226AAB0C1C9C862800833AD5 /* b2Math.cpp */ = {isa = PBXFileReference; fileEncoding = 4; lastKnownFileType = sourcecode.cpp.cpp; path = b2Math.cpp; sourceTree = "<group>"; };
		226AAB0D1C9C862800833AD5 /* b2Math.h */ = {isa = PBXFileReference; fileEncoding = 4; lastKnownFileType = sourcecode.c.h; path = b2Math.h; sourceTree = "<group>"; };
		226AAB0E1C9C862800833AD5 /* b2Settings.cpp */ = {isa = PBXFileReference; fileEncoding = 4; lastKnownFileType = sourcecode.cpp.cpp; path = b2Settings.cpp; sourceTree = "<group>"; };
		226AAB0F1C9C862800833AD5 /* b2Settings.h */ = {isa = PBXFileReference; fileEncoding = 4; lastKnownFileType = sourcecode.c.h; path = b2Settings.h; sourceTree = "<group>"; };
		226AAB101C9C862800833AD5 /* b2StackAllocator.cpp */ = {isa = PBXFileReference; fileEncoding = 4; lastKnownFileType = sourcecode.cpp.cpp; path = b2StackAllocator.cpp; sourceTree = "<group>"; };
		226AAB111C9C862800833AD5 /* b2StackAllocator.h */ = {isa = PBXFileReference; fileEncoding = 4; lastKnownFileType = sourcecode.c.h; path = b2StackAllocator.h; sourceTree = "<group>"; };
		226AAB121C9C862800833AD5 /* b2Timer.cpp */ = {isa = PBXFileReference; fileEncoding = 4; lastKnownFileType = sourcecode.cpp.cpp; path = b2Timer.cpp; sourceTree = "<group>"; };
		226AAB131C9C862800833AD5 /* b2Timer.h */ = {isa = PBXFileReference; fileEncoding = 4; lastKnownFileType = sourcecode.c.h; path = b2Timer.h; sourceTree = "<group>"; };
		226AAB151C9C862800833AD5 /* b2Body.cpp */ = {isa = PBXFileReference; fileEncoding = 4; lastKnownFileType = sourcecode.cpp.cpp; path = b2Body.cpp; sourceTree = "<group>"; };
		226AAB161C9C862800833AD5 /* b2Body.h */ = {isa = PBXFileReference; fileEncoding = 4; lastKnownFileType = sourcecode.c.h; path = b2Body.h; sourceTree = "<group>"; };
		226AAB171C9C862800833AD5 /* b2ContactManager.cpp */ = {isa = PBXFileReference; fileEncoding = 4; lastKnownFileType = sourcecode.cpp.cpp; path = b2ContactManager.cpp; sourceTree = "<group>"; };
		226AAB181C9C862800833AD5 /* b2ContactManager.h */ = {isa = PBXFileReference; fileEncoding = 4; lastKnownFileType = sourcecode.c.h; path = b2ContactManager.h; sourceTree = "<group>"; };
		226AAB191C9C862800833AD5 /* b2Fixture.cpp */ = {isa = PBXFileReference; fileEncoding = 4; lastKnownFileType = sourcecode.cpp.cpp; path = b2Fixture.cpp; sourceTree = "<group>"; };
		226AAB1A1C9C862800833AD5 /* b2Fixture.h */ = {isa = PBXFileReference; fileEncoding = 4; lastKnownFileType = sourcecode.c.h; path = b2Fixture.h; sourceTree = "<group>"; };
		226AAB1B1C9C862800833AD5 /* b2Island.cpp */ = {isa = PBXFileReference; fileEncoding = 4; lastKnownFileType = sourcecode.cpp.cpp; path = b2Island.cpp; sourceTree = "<group>"; };
		226AAB1C1C9C862800833AD5 /* b2Island.h */ = {isa = PBXFileReference; fileEncoding = 4; lastKnownFileType = sourcecode.c.h; path = b2Island.h; sourceTree = "<group>"; };
		226AAB1D1C9C862800833AD5 /* b2TimeStep.h */ = {isa = PBXFileReference; fileEncoding = 4; lastKnownFileType = sourcecode.c.h; path = b2TimeStep.h; sourceTree = "<group>"; };
		226AAB1E1C9C862800833AD5 /* b2World.cpp */ = {isa = PBXFileReference; fileEncoding = 4; lastKnownFileType = sourcecode.cpp.cpp; path = b2World.cpp; sourceTree = "<group>"; };
		226AAB1F1C9C862800833AD5 /* b2World.h */ = {isa = PBXFileReference; fileEncoding = 4; lastKnownFileType = sourcecode.c.h; path = b2World.h; sourceTree = "<group>"; };
		226AAB201C9C862800833AD5 /* b2WorldCallbacks.cpp */ = {isa = PBXFileReference; fileEncoding = 4; lastKnownFileType = sourcecode.cpp.cpp; path = b2WorldCallbacks.cpp; sourceTree = "<group>"; };
		226AAB211C9C862800833AD5 /* b2WorldCallbacks.h */ = {isa = PBXFileReference; fileEncoding = 4; lastKnownFileType = sourcecode.c.h; path = b2WorldCallbacks.h; sourceTree = "<group>"; };
		226AAB231C9C862800833AD5 /* b2ChainAndCircleContact.cpp */ = {isa = PBXFileReference; fileEncoding = 4; lastKnownFileType = sourcecode.cpp.cpp; path = b2ChainAndCircleContact.cpp; sourceTree = "<group>"; };
		226AAB241C9C862800833AD5 /* b2ChainAndCircleContact.h */ = {isa = PBXFileReference; fileEncoding = 4; lastKnownFileType = sourcecode.c.h; path = b2ChainAndCircleContact.h; sourceTree = "<group>"; };
		226AAB251C9C862800833AD5 /* b2ChainAndPolygonContact.cpp */ = {isa = PBXFileReference; fileEncoding = 4; lastKnownFileType = sourcecode.cpp.cpp; path = b2ChainAndPolygonContact.cpp; sourceTree = "<group>"; };
		226AAB261C9C862800833AD5 /* b2ChainAndPolygonContact.h */ = {isa = PBXFileReference; fileEncoding = 4; lastKnownFileType = sourcecode.c.h; path = b2ChainAndPolygonContact.h; sourceTree = "<group>"; };
		226AAB271C9C862800833AD5 /* b2CircleContact.cpp */ = {isa = PBXFileReference; fileEncoding = 4; lastKnownFileType = sourcecode.cpp.cpp; path = b2CircleContact.cpp; sourceTree = "<group>"; };
		226AAB281C9C862800833AD5 /* b2CircleContact.h */ = {isa = PBXFileReference; fileEncoding = 4; lastKnownFileType = sourcecode.c.h; path = b2CircleContact.h; sourceTree = "<group>"; };
		226AAB291C9C862800833AD5 /* b2Contact.cpp */ = {isa = PBXFileReference; fileEncoding = 4; lastKnownFileType = sourcecode.cpp.cpp; path = b2Contact.cpp; sourceTree = "<group>"; };
		226AAB2A1C9C862800833AD5 /* b2Contact.h */ = {isa = PBXFileReference; fileEncoding = 4; lastKnownFileType = sourcecode.c.h; path = b2Contact.h; sourceTree = "<group>"; };
		226AAB2B1C9C862800833AD5 /* b2ContactSolver.cpp */ = {isa = PBXFileReference; fileEncoding = 4; lastKnownFileType = sourcecode.cpp.cpp; path = b2ContactSolver.cpp; sourceTree = "<group>"; };
		226AAB2C1C9C862800833AD5 /* b2ContactSolver.h */ = {isa = PBXFileReference; fileEncoding = 4; lastKnownFileType = sourcecode.c.h; path = b2ContactSolver.h; sourceTree = "<group>"; };
		226AAB2D1C9C862800833AD5 /* b2EdgeAndCircleContact.cpp */ = {isa = PBXFileReference; fileEncoding = 4; lastKnownFileType = sourcecode.cpp.cpp; path = b2EdgeAndCircleContact.cpp; sourceTree = "<group>"; };
		226AAB2E1C9C862800833AD5 /* b2EdgeAndCircleContact.h */ = {isa = PBXFileReference; fileEncoding = 4; lastKnownFileType = sourcecode.c.h; path = b2EdgeAndCircleContact.h; sourceTree = "<group>"; };
		226AAB2F1C9C862800833AD5 /* b2EdgeAndPolygonContact.cpp */ = {isa = PBXFileReference; fileEncoding = 4; lastKnownFileType = sourcecode.cpp.cpp; path = b2EdgeAndPolygonContact.cpp; sourceTree = "<group>"; };
		226AAB301C9C862800833AD5 /* b2EdgeAndPolygonContact.h */ = {isa = PBXFileReference; fileEncoding = 4; lastKnownFileType = sourcecode.c.h; path = b2EdgeAndPolygonContact.h; sourceTree = "<group>"; };
		226AAB311C9C862800833AD5 /* b2PolygonAndCircleContact.cpp */ = {isa = PBXFileReference; fileEncoding = 4; lastKnownFileType = sourcecode.cpp.cpp; path = b2PolygonAndCircleContact.cpp; sourceTree = "<group>"; };
		226AAB321C9C862800833AD5 /* b2PolygonAndCircleContact.h */ = {isa = PBXFileReference; fileEncoding = 4; lastKnownFileType = sourcecode.c.h; path = b2PolygonAndCircleContact.h; sourceTree = "<group>"; };
		226AAB331C9C862800833AD5 /* b2PolygonContact.cpp */ = {isa = PBXFileReference; fileEncoding = 4; lastKnownFileType = sourcecode.cpp.cpp; path = b2PolygonContact.cpp; sourceTree = "<group>"; };
		226AAB341C9C862800833AD5 /* b2PolygonContact.h */ = {isa = PBXFileReference; fileEncoding = 4; lastKnownFileType = sourcecode.c.h; path = b2PolygonContact.h; sourceTree = "<group>"; };
		226AAB361C9C862800833AD5 /* b2DistanceJoint.cpp */ = {isa = PBXFileReference; fileEncoding = 4; lastKnownFileType = sourcecode.cpp.cpp; path = b2DistanceJoint.cpp; sourceTree = "<group>"; };
		226AAB371C9C862800833AD5 /* b2DistanceJoint.h */ = {isa = PBXFileReference; fileEncoding = 4; lastKnownFileType = sourcecode.c.h; path = b2DistanceJoint.h; sourceTree = "<group>"; };
		226AAB381C9C862800833AD5 /* b2FrictionJoint.cpp */ = {isa = PBXFileReference; fileEncoding = 4; lastKnownFileType = sourcecode.cpp.cpp; path = b2FrictionJoint.cpp; sourceTree = "<group>"; };
		226AAB391C9C862800833AD5 /* b2FrictionJoint.h */ = {isa = PBXFileReference; fileEncoding = 4; lastKnownFileType = sourcecode.c.h; path = b2FrictionJoint.h; sourceTree = "<group>"; };
		226AAB3A1C9C862800833AD5 /* b2GearJoint.cpp */ = {isa = PBXFileReference; fileEncoding = 4; lastKnownFileType = sourcecode.cpp.cpp; path = b2GearJoint.cpp; sourceTree = "<group>"; };
		226AAB3B1C9C862800833AD5 /* b2GearJoint.h */ = {isa = PBXFileReference; fileEncoding = 4; lastKnownFileType = sourcecode.c.h; path = b2GearJoint.h; sourceTree = "<group>"; };
		226AAB3C1C9C862800833AD5 /* b2Joint.cpp */ = {isa = PBXFileReference; fileEncoding = 4; lastKnownFileType = sourcecode.cpp.cpp; path = b2Joint.cpp; sourceTree = "<group>"; };
		226AAB3D1C9C862800833AD5 /* b2Joint.h */ = {isa = PBXFileReference; fileEncoding = 4; lastKnownFileType = sourcecode.c.h; path = b2Joint.h; sourceTree = "<group>"; };
		226AAB3E1C9C862800833AD5 /* b2MotorJoint.cpp */ = {isa = PBXFileReference; fileEncoding = 4; lastKnownFileType = sourcecode.cpp.cpp; path = b2MotorJoint.cpp; sourceTree = "<group>"; };
		226AAB3F1C9C862800833AD5 /* b2MotorJoint.h */ = {isa = PBXFileReference; fileEncoding = 4; lastKnownFileType = sourcecode.c.h; path = b2MotorJoint.h; sourceTree = "<group>"; };
		226AAB401C9C862800833AD5 /* b2MouseJoint.cpp */ = {isa = PBXFileReference; fileEncoding = 4; lastKnownFileType = sourcecode.cpp.cpp; path = b2MouseJoint.cpp; sourceTree = "<group>"; };
		226AAB411C9C862800833AD5 /* b2MouseJoint.h */ = {isa = PBXFileReference; fileEncoding = 4; lastKnownFileType = sourcecode.c.h; path = b2MouseJoint.h; sourceTree = "<group>"; };
		226AAB421C9C862800833AD5 /* b2PrismaticJoint.cpp */ = {isa = PBXFileReference; fileEncoding = 4; lastKnownFileType = sourcecode.cpp.cpp; path = b2PrismaticJoint.cpp; sourceTree = "<group>"; };
		226AAB431C9C862800833AD5 /* b2PrismaticJoint.h */ = {isa = PBXFileReference; fileEncoding = 4; lastKnownFileType = sourcecode.c.h; path = b2PrismaticJoint.h; sourceTree = "<group>"; };
		226AAB441C9C862800833AD5 /* b2PulleyJoint.cpp */ = {isa = PBXFileReference; fileEncoding = 4; lastKnownFileType = sourcecode.cpp.cpp; path = b2PulleyJoint.cpp; sourceTree = "<group>"; };
		226AAB451C9C862800833AD5 /* b2PulleyJoint.h */ = {isa = PBXFileReference; fileEncoding = 4; lastKnownFileType = sourcecode.c.h; path = b2PulleyJoint.h; sourceTree = "<group>"; };
		226AAB461C9C862800833AD5 /* b2RevoluteJoint.cpp */ = {isa = PBXFileReference; fileEncoding = 4; lastKnownFileType = sourcecode.cpp.cpp; path = b2RevoluteJoint.cpp; sourceTree = "<group>"; };
		226AAB471C9C862800833AD5 /* b2RevoluteJoint.h */ = {isa = PBXFileReference; fileEncoding = 4; lastKnownFileType = sourcecode.c.h; path = b2RevoluteJoint.h; sourceTree = "<group>"; };
		226AAB481C9C862800833AD5 /* b2RopeJoint.cpp */ = {isa = PBXFileReference; fileEncoding = 4; lastKnownFileType = sourcecode.cpp.cpp; path = b2RopeJoint.cpp; sourceTree = "<group>"; };
		226AAB491C9C862800833AD5 /* b2RopeJoint.h */ = {isa = PBXFileReference; fileEncoding = 4; lastKnownFileType = sourcecode.c.h; path = b2RopeJoint.h; sourceTree = "<group>"; };
		226AAB4A1C9C862800833AD5 /* b2WeldJoint.cpp */ = {isa = PBXFileReference; fileEncoding = 4; lastKnownFileType = sourcecode.cpp.cpp; path = b2WeldJoint.cpp; sourceTree = "<group>"; };
		226AAB4B1C9C862800833AD5 /* b2WeldJoint.h */ = {isa = PBXFileReference; fileEncoding = 4; lastKnownFileType = sourcecode.c.h; path = b2WeldJoint.h; sourceTree = "<group>"; };
		226AAB4C1C9C862800833AD5 /* b2WheelJoint.cpp */ = {isa = PBXFileReference; fileEncoding = 4; lastKnownFileType = sourcecode.cpp.cpp; path = b2WheelJoint.cpp; sourceTree = "<group>"; };
		226AAB4D1C9C862800833AD5 /* b2WheelJoint.h */ = {isa = PBXFileReference; fileEncoding = 4; lastKnownFileType = sourcecode.c.h; path = b2WheelJoint.h; sourceTree = "<group>"; };
		226AAB4F1C9C862800833AD5 /* b2Rope.cpp */ = {isa = PBXFileReference; fileEncoding = 4; lastKnownFileType = sourcecode.cpp.cpp; path = b2Rope.cpp; sourceTree = "<group>"; };
		226AAB501C9C862800833AD5 /* b2Rope.h */ = {isa = PBXFileReference; fileEncoding = 4; lastKnownFileType = sourcecode.c.h; path = b2Rope.h; sourceTree = "<group>"; };
		226AAB7F1C9C9E8F00833AD5 /* Ball.h */ = {isa = PBXFileReference; lastKnownFileType = sourcecode.c.h; path = Ball.h; sourceTree = "<group>"; };
		226AAB801C9C9EA500833AD5 /* Ball.mm */ = {isa = PBXFileReference; fileEncoding = 4; lastKnownFileType = sourcecode.cpp.objcpp; path = Ball.mm; sourceTree = "<group>"; };
		226AAB821C9C9F2E00833AD5 /* Ball.png */ = {isa = PBXFileReference; lastKnownFileType = image.png; path = Ball.png; sourceTree = "<group>"; };
		226AAB971C9DEE3500833AD5 /* Wall.h */ = {isa = PBXFileReference; lastKnownFileType = sourcecode.c.h; path = Wall.h; sourceTree = "<group>"; };
		226AAB981C9DEE9600833AD5 /* Wall.mm */ = {isa = PBXFileReference; fileEncoding = 4; lastKnownFileType = sourcecode.cpp.objcpp; path = Wall.mm; sourceTree = "<group>"; };
		226CC78B1C9BB54900B15A12 /* PlayerPaddle.h */ = {isa = PBXFileReference; lastKnownFileType = sourcecode.c.h; path = PlayerPaddle.h; sourceTree = "<group>"; };
		226CC78C1C9BB60000B15A12 /* PlayerPaddle.mm */ = {isa = PBXFileReference; fileEncoding = 4; lastKnownFileType = sourcecode.cpp.objcpp; path = PlayerPaddle.mm; sourceTree = "<group>"; };
		226CC78E1C9BB75E00B15A12 /* Paddle.png */ = {isa = PBXFileReference; lastKnownFileType = image.png; path = Paddle.png; sourceTree = "<group>"; };
		226CC7901C9BB81300B15A12 /* TextureLoader.h */ = {isa = PBXFileReference; fileEncoding = 4; lastKnownFileType = sourcecode.c.h; path = TextureLoader.h; sourceTree = "<group>"; };
		226CC7911C9BB81300B15A12 /* TextureLoader.m */ = {isa = PBXFileReference; fileEncoding = 4; lastKnownFileType = sourcecode.c.objc; path = TextureLoader.m; sourceTree = "<group>"; };
		22B0EECB1C6C33BC00B2FA35 /* iOSAssignment2.app */ = {isa = PBXFileReference; explicitFileType = wrapper.application; includeInIndex = 0; path = iOSAssignment2.app; sourceTree = BUILT_PRODUCTS_DIR; };
		22B0EECF1C6C33BC00B2FA35 /* main.m */ = {isa = PBXFileReference; lastKnownFileType = sourcecode.c.objc; path = main.m; sourceTree = "<group>"; };
		22B0EED11C6C33BC00B2FA35 /* AppDelegate.h */ = {isa = PBXFileReference; lastKnownFileType = sourcecode.c.h; path = AppDelegate.h; sourceTree = "<group>"; };
		22B0EED21C6C33BC00B2FA35 /* AppDelegate.m */ = {isa = PBXFileReference; lastKnownFileType = sourcecode.c.objc; path = AppDelegate.m; sourceTree = "<group>"; };
		22B0EED41C6C33BC00B2FA35 /* BasicShader.fsh */ = {isa = PBXFileReference; lastKnownFileType = sourcecode.glsl; name = BasicShader.fsh; path = Shaders/BasicShader.fsh; sourceTree = "<group>"; };
		22B0EED61C6C33BC00B2FA35 /* BasicShader.vsh */ = {isa = PBXFileReference; lastKnownFileType = sourcecode.glsl; name = BasicShader.vsh; path = Shaders/BasicShader.vsh; sourceTree = "<group>"; };
		22B0EED81C6C33BC00B2FA35 /* GameViewController.h */ = {isa = PBXFileReference; lastKnownFileType = sourcecode.c.h; path = GameViewController.h; sourceTree = "<group>"; };
		22B0EED91C6C33BC00B2FA35 /* GameViewController.m */ = {isa = PBXFileReference; lastKnownFileType = sourcecode.c.objc; path = GameViewController.m; sourceTree = "<group>"; };
		22B0EEDC1C6C33BC00B2FA35 /* Base */ = {isa = PBXFileReference; lastKnownFileType = file.storyboard; name = Base; path = Base.lproj/Main.storyboard; sourceTree = "<group>"; };
		22B0EEDE1C6C33BC00B2FA35 /* Assets.xcassets */ = {isa = PBXFileReference; lastKnownFileType = folder.assetcatalog; path = Assets.xcassets; sourceTree = "<group>"; };
		22B0EEE11C6C33BC00B2FA35 /* Base */ = {isa = PBXFileReference; lastKnownFileType = file.storyboard; name = Base; path = Base.lproj/LaunchScreen.storyboard; sourceTree = "<group>"; };
		22B0EEE31C6C33BC00B2FA35 /* Info.plist */ = {isa = PBXFileReference; lastKnownFileType = text.plist.xml; path = Info.plist; sourceTree = "<group>"; };
		22D10CE21C6EA42F005E7F8C /* Scene.h */ = {isa = PBXFileReference; lastKnownFileType = sourcecode.c.h; path = Scene.h; sourceTree = "<group>"; };
		22D10CE31C6EA456005E7F8C /* Entity.h */ = {isa = PBXFileReference; lastKnownFileType = sourcecode.c.h; path = Entity.h; sourceTree = "<group>"; };
		22D10CE41C6EA506005E7F8C /* GameScene.mm */ = {isa = PBXFileReference; fileEncoding = 4; lastKnownFileType = sourcecode.cpp.objcpp; path = GameScene.mm; sourceTree = "<group>"; };
		22D10CE61C6EA52E005E7F8C /* GameScene.h */ = {isa = PBXFileReference; lastKnownFileType = sourcecode.c.h; path = GameScene.h; sourceTree = "<group>"; };
		22D10CE71C6EA836005E7F8C /* Entity.m */ = {isa = PBXFileReference; fileEncoding = 4; lastKnownFileType = sourcecode.c.objc; path = Entity.m; sourceTree = "<group>"; };
		22D10CE91C6EA839005E7F8C /* Scene.m */ = {isa = PBXFileReference; fileEncoding = 4; lastKnownFileType = sourcecode.c.objc; path = Scene.m; sourceTree = "<group>"; };
		22D10CEB1C6EACCB005E7F8C /* Model.h */ = {isa = PBXFileReference; lastKnownFileType = sourcecode.c.h; path = Model.h; sourceTree = "<group>"; };
		22D10CEC1C6EACF3005E7F8C /* Model.m */ = {isa = PBXFileReference; fileEncoding = 4; lastKnownFileType = sourcecode.c.objc; path = Model.m; sourceTree = "<group>"; };
		22D10CEF1C6EB0EC005E7F8C /* Program.h */ = {isa = PBXFileReference; lastKnownFileType = sourcecode.c.h; path = Program.h; sourceTree = "<group>"; };
		22D10CF01C6EB147005E7F8C /* Program.m */ = {isa = PBXFileReference; fileEncoding = 4; lastKnownFileType = sourcecode.c.objc; path = Program.m; sourceTree = "<group>"; };
		22D10D191C6EB6C8005E7F8C /* BasicProgram.h */ = {isa = PBXFileReference; lastKnownFileType = sourcecode.c.h; path = BasicProgram.h; sourceTree = "<group>"; };
		22D10D1A1C6EB6DC005E7F8C /* BasicProgram.m */ = {isa = PBXFileReference; fileEncoding = 4; lastKnownFileType = sourcecode.c.objc; path = BasicProgram.m; sourceTree = "<group>"; };
		22D10D231C6EDA4D005E7F8C /* Vector.h */ = {isa = PBXFileReference; lastKnownFileType = sourcecode.c.h; path = Vector.h; sourceTree = "<group>"; };
		22D10D241C6EDABC005E7F8C /* Vector.m */ = {isa = PBXFileReference; fileEncoding = 4; lastKnownFileType = sourcecode.c.objc; path = Vector.m; sourceTree = "<group>"; };
		22D10D261C6EE141005E7F8C /* Camera.h */ = {isa = PBXFileReference; lastKnownFileType = sourcecode.c.h; path = Camera.h; sourceTree = "<group>"; };
		22D10D271C6EE2E1005E7F8C /* Camera.m */ = {isa = PBXFileReference; fileEncoding = 4; lastKnownFileType = sourcecode.c.objc; path = Camera.m; sourceTree = "<group>"; };
/* End PBXFileReference section */

/* Begin PBXFrameworksBuildPhase section */
		22B0EEC81C6C33BC00B2FA35 /* Frameworks */ = {
			isa = PBXFrameworksBuildPhase;
			buildActionMask = 2147483647;
			files = (
			);
			runOnlyForDeploymentPostprocessing = 0;
		};
/* End PBXFrameworksBuildPhase section */

/* Begin PBXGroup section */
		226AAAEC1C9C862800833AD5 /* Box2D */ = {
			isa = PBXGroup;
			children = (
				226AAAED1C9C862800833AD5 /* Box2D.h */,
				226AAAEE1C9C862800833AD5 /* Collision */,
				226AAB061C9C862800833AD5 /* Common */,
				226AAB141C9C862800833AD5 /* Dynamics */,
				226AAB4E1C9C862800833AD5 /* Rope */,
			);
			path = Box2D;
			sourceTree = "<group>";
		};
		226AAAEE1C9C862800833AD5 /* Collision */ = {
			isa = PBXGroup;
			children = (
				226AAAEF1C9C862800833AD5 /* b2BroadPhase.cpp */,
				226AAAF01C9C862800833AD5 /* b2BroadPhase.h */,
				226AAAF11C9C862800833AD5 /* b2CollideCircle.cpp */,
				226AAAF21C9C862800833AD5 /* b2CollideEdge.cpp */,
				226AAAF31C9C862800833AD5 /* b2CollidePolygon.cpp */,
				226AAAF41C9C862800833AD5 /* b2Collision.cpp */,
				226AAAF51C9C862800833AD5 /* b2Collision.h */,
				226AAAF61C9C862800833AD5 /* b2Distance.cpp */,
				226AAAF71C9C862800833AD5 /* b2Distance.h */,
				226AAAF81C9C862800833AD5 /* b2DynamicTree.cpp */,
				226AAAF91C9C862800833AD5 /* b2DynamicTree.h */,
				226AAAFA1C9C862800833AD5 /* b2TimeOfImpact.cpp */,
				226AAAFB1C9C862800833AD5 /* b2TimeOfImpact.h */,
				226AAAFC1C9C862800833AD5 /* Shapes */,
			);
			path = Collision;
			sourceTree = "<group>";
		};
		226AAAFC1C9C862800833AD5 /* Shapes */ = {
			isa = PBXGroup;
			children = (
				226AAAFD1C9C862800833AD5 /* b2ChainShape.cpp */,
				226AAAFE1C9C862800833AD5 /* b2ChainShape.h */,
				226AAAFF1C9C862800833AD5 /* b2CircleShape.cpp */,
				226AAB001C9C862800833AD5 /* b2CircleShape.h */,
				226AAB011C9C862800833AD5 /* b2EdgeShape.cpp */,
				226AAB021C9C862800833AD5 /* b2EdgeShape.h */,
				226AAB031C9C862800833AD5 /* b2PolygonShape.cpp */,
				226AAB041C9C862800833AD5 /* b2PolygonShape.h */,
				226AAB051C9C862800833AD5 /* b2Shape.h */,
			);
			path = Shapes;
			sourceTree = "<group>";
		};
		226AAB061C9C862800833AD5 /* Common */ = {
			isa = PBXGroup;
			children = (
				226AAB071C9C862800833AD5 /* b2BlockAllocator.cpp */,
				226AAB081C9C862800833AD5 /* b2BlockAllocator.h */,
				226AAB091C9C862800833AD5 /* b2Draw.cpp */,
				226AAB0A1C9C862800833AD5 /* b2Draw.h */,
				226AAB0B1C9C862800833AD5 /* b2GrowableStack.h */,
				226AAB0C1C9C862800833AD5 /* b2Math.cpp */,
				226AAB0D1C9C862800833AD5 /* b2Math.h */,
				226AAB0E1C9C862800833AD5 /* b2Settings.cpp */,
				226AAB0F1C9C862800833AD5 /* b2Settings.h */,
				226AAB101C9C862800833AD5 /* b2StackAllocator.cpp */,
				226AAB111C9C862800833AD5 /* b2StackAllocator.h */,
				226AAB121C9C862800833AD5 /* b2Timer.cpp */,
				226AAB131C9C862800833AD5 /* b2Timer.h */,
			);
			path = Common;
			sourceTree = "<group>";
		};
		226AAB141C9C862800833AD5 /* Dynamics */ = {
			isa = PBXGroup;
			children = (
				226AAB151C9C862800833AD5 /* b2Body.cpp */,
				226AAB161C9C862800833AD5 /* b2Body.h */,
				226AAB171C9C862800833AD5 /* b2ContactManager.cpp */,
				226AAB181C9C862800833AD5 /* b2ContactManager.h */,
				226AAB191C9C862800833AD5 /* b2Fixture.cpp */,
				226AAB1A1C9C862800833AD5 /* b2Fixture.h */,
				226AAB1B1C9C862800833AD5 /* b2Island.cpp */,
				226AAB1C1C9C862800833AD5 /* b2Island.h */,
				226AAB1D1C9C862800833AD5 /* b2TimeStep.h */,
				226AAB1E1C9C862800833AD5 /* b2World.cpp */,
				226AAB1F1C9C862800833AD5 /* b2World.h */,
				226AAB201C9C862800833AD5 /* b2WorldCallbacks.cpp */,
				226AAB211C9C862800833AD5 /* b2WorldCallbacks.h */,
				226AAB221C9C862800833AD5 /* Contacts */,
				226AAB351C9C862800833AD5 /* Joints */,
			);
			path = Dynamics;
			sourceTree = "<group>";
		};
		226AAB221C9C862800833AD5 /* Contacts */ = {
			isa = PBXGroup;
			children = (
				226AAB231C9C862800833AD5 /* b2ChainAndCircleContact.cpp */,
				226AAB241C9C862800833AD5 /* b2ChainAndCircleContact.h */,
				226AAB251C9C862800833AD5 /* b2ChainAndPolygonContact.cpp */,
				226AAB261C9C862800833AD5 /* b2ChainAndPolygonContact.h */,
				226AAB271C9C862800833AD5 /* b2CircleContact.cpp */,
				226AAB281C9C862800833AD5 /* b2CircleContact.h */,
				226AAB291C9C862800833AD5 /* b2Contact.cpp */,
				226AAB2A1C9C862800833AD5 /* b2Contact.h */,
				226AAB2B1C9C862800833AD5 /* b2ContactSolver.cpp */,
				226AAB2C1C9C862800833AD5 /* b2ContactSolver.h */,
				226AAB2D1C9C862800833AD5 /* b2EdgeAndCircleContact.cpp */,
				226AAB2E1C9C862800833AD5 /* b2EdgeAndCircleContact.h */,
				226AAB2F1C9C862800833AD5 /* b2EdgeAndPolygonContact.cpp */,
				226AAB301C9C862800833AD5 /* b2EdgeAndPolygonContact.h */,
				226AAB311C9C862800833AD5 /* b2PolygonAndCircleContact.cpp */,
				226AAB321C9C862800833AD5 /* b2PolygonAndCircleContact.h */,
				226AAB331C9C862800833AD5 /* b2PolygonContact.cpp */,
				226AAB341C9C862800833AD5 /* b2PolygonContact.h */,
			);
			path = Contacts;
			sourceTree = "<group>";
		};
		226AAB351C9C862800833AD5 /* Joints */ = {
			isa = PBXGroup;
			children = (
				226AAB361C9C862800833AD5 /* b2DistanceJoint.cpp */,
				226AAB371C9C862800833AD5 /* b2DistanceJoint.h */,
				226AAB381C9C862800833AD5 /* b2FrictionJoint.cpp */,
				226AAB391C9C862800833AD5 /* b2FrictionJoint.h */,
				226AAB3A1C9C862800833AD5 /* b2GearJoint.cpp */,
				226AAB3B1C9C862800833AD5 /* b2GearJoint.h */,
				226AAB3C1C9C862800833AD5 /* b2Joint.cpp */,
				226AAB3D1C9C862800833AD5 /* b2Joint.h */,
				226AAB3E1C9C862800833AD5 /* b2MotorJoint.cpp */,
				226AAB3F1C9C862800833AD5 /* b2MotorJoint.h */,
				226AAB401C9C862800833AD5 /* b2MouseJoint.cpp */,
				226AAB411C9C862800833AD5 /* b2MouseJoint.h */,
				226AAB421C9C862800833AD5 /* b2PrismaticJoint.cpp */,
				226AAB431C9C862800833AD5 /* b2PrismaticJoint.h */,
				226AAB441C9C862800833AD5 /* b2PulleyJoint.cpp */,
				226AAB451C9C862800833AD5 /* b2PulleyJoint.h */,
				226AAB461C9C862800833AD5 /* b2RevoluteJoint.cpp */,
				226AAB471C9C862800833AD5 /* b2RevoluteJoint.h */,
				226AAB481C9C862800833AD5 /* b2RopeJoint.cpp */,
				226AAB491C9C862800833AD5 /* b2RopeJoint.h */,
				226AAB4A1C9C862800833AD5 /* b2WeldJoint.cpp */,
				226AAB4B1C9C862800833AD5 /* b2WeldJoint.h */,
				226AAB4C1C9C862800833AD5 /* b2WheelJoint.cpp */,
				226AAB4D1C9C862800833AD5 /* b2WheelJoint.h */,
			);
			path = Joints;
			sourceTree = "<group>";
		};
		226AAB4E1C9C862800833AD5 /* Rope */ = {
			isa = PBXGroup;
			children = (
				226AAB4F1C9C862800833AD5 /* b2Rope.cpp */,
				226AAB501C9C862800833AD5 /* b2Rope.h */,
			);
			path = Rope;
			sourceTree = "<group>";
		};
		22B0EEC21C6C33BC00B2FA35 = {
			isa = PBXGroup;
			children = (
				22B0EECD1C6C33BC00B2FA35 /* iOSAssignment2 */,
				22B0EECC1C6C33BC00B2FA35 /* Products */,
			);
			sourceTree = "<group>";
		};
		22B0EECC1C6C33BC00B2FA35 /* Products */ = {
			isa = PBXGroup;
			children = (
				22B0EECB1C6C33BC00B2FA35 /* iOSAssignment2.app */,
			);
			name = Products;
			sourceTree = "<group>";
		};
		22B0EECD1C6C33BC00B2FA35 /* iOSAssignment2 */ = {
			isa = PBXGroup;
			children = (
				226AAAEC1C9C862800833AD5 /* Box2D */,
				22D10CDD1C6E9BBA005E7F8C /* Base Files */,
				22D10D1C1C6ED453005E7F8C /* Assets */,
				22D10CEE1C6EB0E1005E7F8C /* Utilities */,
				22D10CDC1C6E9BA9005E7F8C /* Entities */,
				22D10CDB1C6E9BA0005E7F8C /* Scenes */,
				22B0EED61C6C33BC00B2FA35 /* BasicShader.vsh */,
				22B0EED41C6C33BC00B2FA35 /* BasicShader.fsh */,
				22372DE61C77EB920058FF72 /* SpriteShader.fsh */,
				22B0EED81C6C33BC00B2FA35 /* GameViewController.h */,
				22B0EED91C6C33BC00B2FA35 /* GameViewController.m */,
				22B0EECE1C6C33BC00B2FA35 /* Supporting Files */,
			);
			path = iOSAssignment2;
			sourceTree = "<group>";
		};
		22B0EECE1C6C33BC00B2FA35 /* Supporting Files */ = {
			isa = PBXGroup;
			children = (
				22B0EECF1C6C33BC00B2FA35 /* main.m */,
			);
			name = "Supporting Files";
			sourceTree = "<group>";
		};
		22D10CDB1C6E9BA0005E7F8C /* Scenes */ = {
			isa = PBXGroup;
			children = (
				22D10CE21C6EA42F005E7F8C /* Scene.h */,
				22D10CE91C6EA839005E7F8C /* Scene.m */,
				22D10CE61C6EA52E005E7F8C /* GameScene.h */,
				22D10CE41C6EA506005E7F8C /* GameScene.mm */,
			);
			name = Scenes;
			sourceTree = "<group>";
		};
		22D10CDC1C6E9BA9005E7F8C /* Entities */ = {
			isa = PBXGroup;
			children = (
				22D10CE31C6EA456005E7F8C /* Entity.h */,
				22D10CE71C6EA836005E7F8C /* Entity.m */,
				22D10CEB1C6EACCB005E7F8C /* Model.h */,
				22D10CEC1C6EACF3005E7F8C /* Model.m */,
				22372DDD1C77E7410058FF72 /* Sprite.h */,
				22372DDE1C77E7770058FF72 /* Sprite.m */,
				226CC78B1C9BB54900B15A12 /* PlayerPaddle.h */,
				226CC78C1C9BB60000B15A12 /* PlayerPaddle.mm */,
				226AAB7F1C9C9E8F00833AD5 /* Ball.h */,
				226AAB801C9C9EA500833AD5 /* Ball.mm */,
				226AAB971C9DEE3500833AD5 /* Wall.h */,
				226AAB981C9DEE9600833AD5 /* Wall.mm */,
				2219A6191C9DF2D8008BE5F9 /* EnemyPaddle.h */,
				2219A61A1C9DF2FE008BE5F9 /* EnemyPaddle.mm */,
			);
			name = Entities;
			sourceTree = "<group>";
		};
		22D10CDD1C6E9BBA005E7F8C /* Base Files */ = {
			isa = PBXGroup;
			children = (
				22B0EED11C6C33BC00B2FA35 /* AppDelegate.h */,
				22B0EED21C6C33BC00B2FA35 /* AppDelegate.m */,
				22B0EEDB1C6C33BC00B2FA35 /* Main.storyboard */,
				22B0EEDE1C6C33BC00B2FA35 /* Assets.xcassets */,
				22B0EEE01C6C33BC00B2FA35 /* LaunchScreen.storyboard */,
				22B0EEE31C6C33BC00B2FA35 /* Info.plist */,
			);
			name = "Base Files";
			sourceTree = "<group>";
		};
		22D10CEE1C6EB0E1005E7F8C /* Utilities */ = {
			isa = PBXGroup;
			children = (
				22D10CEF1C6EB0EC005E7F8C /* Program.h */,
				22D10CF01C6EB147005E7F8C /* Program.m */,
				22D10D191C6EB6C8005E7F8C /* BasicProgram.h */,
				22D10D1A1C6EB6DC005E7F8C /* BasicProgram.m */,
				22372DE31C77EB310058FF72 /* SpriteProgram.h */,
				22372DE41C77EB470058FF72 /* SpriteProgram.m */,
				22D10D231C6EDA4D005E7F8C /* Vector.h */,
				22D10D241C6EDABC005E7F8C /* Vector.m */,
				22D10D261C6EE141005E7F8C /* Camera.h */,
				22D10D271C6EE2E1005E7F8C /* Camera.m */,
				226CC7901C9BB81300B15A12 /* TextureLoader.h */,
				226CC7911C9BB81300B15A12 /* TextureLoader.m */,
				22270DBC1C8CC04D00960454 /* MathUtils.h */,
				22270DBD1C8CC09200960454 /* MathUtils.m */,
			);
			name = Utilities;
			sourceTree = "<group>";
		};
		22D10D1C1C6ED453005E7F8C /* Assets */ = {
			isa = PBXGroup;
			children = (
				226CC78E1C9BB75E00B15A12 /* Paddle.png */,
				226AAB821C9C9F2E00833AD5 /* Ball.png */,
			);
			name = Assets;
			sourceTree = "<group>";
		};
/* End PBXGroup section */

/* Begin PBXNativeTarget section */
		22B0EECA1C6C33BC00B2FA35 /* iOSAssignment2 */ = {
			isa = PBXNativeTarget;
			buildConfigurationList = 22B0EEE61C6C33BC00B2FA35 /* Build configuration list for PBXNativeTarget "iOSAssignment2" */;
			buildPhases = (
				22B0EEC71C6C33BC00B2FA35 /* Sources */,
				22B0EEC81C6C33BC00B2FA35 /* Frameworks */,
				22B0EEC91C6C33BC00B2FA35 /* Resources */,
			);
			buildRules = (
			);
			dependencies = (
			);
			name = iOSAssignment2;
			productName = iOSAssignment2;
			productReference = 22B0EECB1C6C33BC00B2FA35 /* iOSAssignment2.app */;
			productType = "com.apple.product-type.application";
		};
/* End PBXNativeTarget section */

/* Begin PBXProject section */
		22B0EEC31C6C33BC00B2FA35 /* Project object */ = {
			isa = PBXProject;
			attributes = {
				LastUpgradeCheck = 0720;
				ORGANIZATIONNAME = "Chris Klassen";
				TargetAttributes = {
					22B0EECA1C6C33BC00B2FA35 = {
						CreatedOnToolsVersion = 7.2;
						DevelopmentTeam = K2N6WTRN4N;
					};
				};
			};
			buildConfigurationList = 22B0EEC61C6C33BC00B2FA35 /* Build configuration list for PBXProject "iOSAssignment2" */;
			compatibilityVersion = "Xcode 3.2";
			developmentRegion = English;
			hasScannedForEncodings = 0;
			knownRegions = (
				en,
				Base,
			);
			mainGroup = 22B0EEC21C6C33BC00B2FA35;
			productRefGroup = 22B0EECC1C6C33BC00B2FA35 /* Products */;
			projectDirPath = "";
			projectRoot = "";
			targets = (
				22B0EECA1C6C33BC00B2FA35 /* iOSAssignment2 */,
			);
		};
/* End PBXProject section */

/* Begin PBXResourcesBuildPhase section */
		22B0EEC91C6C33BC00B2FA35 /* Resources */ = {
			isa = PBXResourcesBuildPhase;
			buildActionMask = 2147483647;
			files = (
				226CC78F1C9BB75E00B15A12 /* Paddle.png in Resources */,
				22B0EEDD1C6C33BC00B2FA35 /* Main.storyboard in Resources */,
				22B0EED71C6C33BC00B2FA35 /* BasicShader.vsh in Resources */,
				22B0EEDF1C6C33BC00B2FA35 /* Assets.xcassets in Resources */,
				22B0EEE21C6C33BC00B2FA35 /* LaunchScreen.storyboard in Resources */,
				22372DE71C77EB920058FF72 /* SpriteShader.fsh in Resources */,
				226AAB831C9C9F2E00833AD5 /* Ball.png in Resources */,
				22B0EED51C6C33BC00B2FA35 /* BasicShader.fsh in Resources */,
			);
			runOnlyForDeploymentPostprocessing = 0;
		};
/* End PBXResourcesBuildPhase section */

/* Begin PBXSourcesBuildPhase section */
		22B0EEC71C6C33BC00B2FA35 /* Sources */ = {
			isa = PBXSourcesBuildPhase;
			buildActionMask = 2147483647;
			files = (
				226AAB521C9C862800833AD5 /* b2CollideCircle.cpp in Sources */,
				226AAB621C9C862800833AD5 /* b2Timer.cpp in Sources */,
				226AAB6C1C9C862800833AD5 /* b2Contact.cpp in Sources */,
				226AAB751C9C862800833AD5 /* b2Joint.cpp in Sources */,
				22D10CEA1C6EA839005E7F8C /* Scene.m in Sources */,
				22D10CE81C6EA836005E7F8C /* Entity.m in Sources */,
				226CC7921C9BB81300B15A12 /* TextureLoader.m in Sources */,
				226AAB601C9C862800833AD5 /* b2Settings.cpp in Sources */,
				22B0EED31C6C33BC00B2FA35 /* AppDelegate.m in Sources */,
				226AAB5B1C9C862800833AD5 /* b2EdgeShape.cpp in Sources */,
				226AAB6E1C9C862800833AD5 /* b2EdgeAndCircleContact.cpp in Sources */,
				226AAB571C9C862800833AD5 /* b2DynamicTree.cpp in Sources */,
				226AAB701C9C862800833AD5 /* b2PolygonAndCircleContact.cpp in Sources */,
				226AAB6F1C9C862800833AD5 /* b2EdgeAndPolygonContact.cpp in Sources */,
				226AAB731C9C862800833AD5 /* b2FrictionJoint.cpp in Sources */,
				226AAB681C9C862800833AD5 /* b2WorldCallbacks.cpp in Sources */,
				226AAB541C9C862800833AD5 /* b2CollidePolygon.cpp in Sources */,
				226AAB721C9C862800833AD5 /* b2DistanceJoint.cpp in Sources */,
				22D10D251C6EDABC005E7F8C /* Vector.m in Sources */,
				226AAB7B1C9C862800833AD5 /* b2RopeJoint.cpp in Sources */,
				226AAB631C9C862800833AD5 /* b2Body.cpp in Sources */,
				226AAB661C9C862800833AD5 /* b2Island.cpp in Sources */,
				22D10D281C6EE2E1005E7F8C /* Camera.m in Sources */,
				226AAB581C9C862800833AD5 /* b2TimeOfImpact.cpp in Sources */,
				226AAB7C1C9C862800833AD5 /* b2WeldJoint.cpp in Sources */,
				226AAB5F1C9C862800833AD5 /* b2Math.cpp in Sources */,
				226AAB811C9C9EA500833AD5 /* Ball.mm in Sources */,
				226AAB561C9C862800833AD5 /* b2Distance.cpp in Sources */,
				22B0EEDA1C6C33BC00B2FA35 /* GameViewController.m in Sources */,
				226AAB551C9C862800833AD5 /* b2Collision.cpp in Sources */,
				226AAB5A1C9C862800833AD5 /* b2CircleShape.cpp in Sources */,
				226AAB671C9C862800833AD5 /* b2World.cpp in Sources */,
				226AAB5E1C9C862800833AD5 /* b2Draw.cpp in Sources */,
				22372DDF1C77E7770058FF72 /* Sprite.m in Sources */,
				226AAB691C9C862800833AD5 /* b2ChainAndCircleContact.cpp in Sources */,
				226AAB791C9C862800833AD5 /* b2PulleyJoint.cpp in Sources */,
				226AAB6B1C9C862800833AD5 /* b2CircleContact.cpp in Sources */,
				226AAB5C1C9C862800833AD5 /* b2PolygonShape.cpp in Sources */,
				226AAB7E1C9C862800833AD5 /* b2Rope.cpp in Sources */,
				22D10CF11C6EB147005E7F8C /* Program.m in Sources */,
				226AAB771C9C862800833AD5 /* b2MouseJoint.cpp in Sources */,
				226AAB6A1C9C862800833AD5 /* b2ChainAndPolygonContact.cpp in Sources */,
				226AAB7D1C9C862800833AD5 /* b2WheelJoint.cpp in Sources */,
				226AAB761C9C862800833AD5 /* b2MotorJoint.cpp in Sources */,
				22372DE51C77EB470058FF72 /* SpriteProgram.m in Sources */,
				226AAB6D1C9C862800833AD5 /* b2ContactSolver.cpp in Sources */,
				22270DBE1C8CC09200960454 /* MathUtils.m in Sources */,
				226AAB7A1C9C862800833AD5 /* b2RevoluteJoint.cpp in Sources */,
				226AAB591C9C862800833AD5 /* b2ChainShape.cpp in Sources */,
				226AAB991C9DEE9600833AD5 /* Wall.mm in Sources */,
				2219A61B1C9DF2FE008BE5F9 /* EnemyPaddle.mm in Sources */,
				226AAB741C9C862800833AD5 /* b2GearJoint.cpp in Sources */,
				226CC78D1C9BB60000B15A12 /* PlayerPaddle.mm in Sources */,
				22D10CED1C6EACF3005E7F8C /* Model.m in Sources */,
				226AAB641C9C862800833AD5 /* b2ContactManager.cpp in Sources */,
				226AAB651C9C862800833AD5 /* b2Fixture.cpp in Sources */,
				22D10D1B1C6EB6DC005E7F8C /* BasicProgram.m in Sources */,
				226AAB5D1C9C862800833AD5 /* b2BlockAllocator.cpp in Sources */,
				226AAB781C9C862800833AD5 /* b2PrismaticJoint.cpp in Sources */,
				22D10CE51C6EA506005E7F8C /* GameScene.mm in Sources */,
				226AAB711C9C862800833AD5 /* b2PolygonContact.cpp in Sources */,
				226AAB611C9C862800833AD5 /* b2StackAllocator.cpp in Sources */,
				226AAB511C9C862800833AD5 /* b2BroadPhase.cpp in Sources */,
				22B0EED01C6C33BC00B2FA35 /* main.m in Sources */,
				226AAB531C9C862800833AD5 /* b2CollideEdge.cpp in Sources */,
			);
			runOnlyForDeploymentPostprocessing = 0;
		};
/* End PBXSourcesBuildPhase section */

/* Begin PBXVariantGroup section */
		22B0EEDB1C6C33BC00B2FA35 /* Main.storyboard */ = {
			isa = PBXVariantGroup;
			children = (
				22B0EEDC1C6C33BC00B2FA35 /* Base */,
			);
			name = Main.storyboard;
			sourceTree = "<group>";
		};
		22B0EEE01C6C33BC00B2FA35 /* LaunchScreen.storyboard */ = {
			isa = PBXVariantGroup;
			children = (
				22B0EEE11C6C33BC00B2FA35 /* Base */,
			);
			name = LaunchScreen.storyboard;
			sourceTree = "<group>";
		};
/* End PBXVariantGroup section */

/* Begin XCBuildConfiguration section */
		22B0EEE41C6C33BC00B2FA35 /* Debug */ = {
			isa = XCBuildConfiguration;
			buildSettings = {
				ALWAYS_SEARCH_USER_PATHS = NO;
				CLANG_CXX_LANGUAGE_STANDARD = "gnu++0x";
				CLANG_CXX_LIBRARY = "libc++";
				CLANG_ENABLE_MODULES = YES;
				CLANG_ENABLE_OBJC_ARC = YES;
				CLANG_WARN_BOOL_CONVERSION = YES;
				CLANG_WARN_CONSTANT_CONVERSION = YES;
				CLANG_WARN_DIRECT_OBJC_ISA_USAGE = YES_ERROR;
				CLANG_WARN_EMPTY_BODY = YES;
				CLANG_WARN_ENUM_CONVERSION = YES;
				CLANG_WARN_INT_CONVERSION = YES;
				CLANG_WARN_OBJC_ROOT_CLASS = YES_ERROR;
				CLANG_WARN_UNREACHABLE_CODE = YES;
				CLANG_WARN__DUPLICATE_METHOD_MATCH = YES;
				"CODE_SIGN_IDENTITY[sdk=iphoneos*]" = "iPhone Developer";
				COPY_PHASE_STRIP = NO;
				DEBUG_INFORMATION_FORMAT = "dwarf-with-dsym";
				ENABLE_STRICT_OBJC_MSGSEND = YES;
				ENABLE_TESTABILITY = YES;
				GCC_C_LANGUAGE_STANDARD = gnu99;
				GCC_DYNAMIC_NO_PIC = NO;
				GCC_NO_COMMON_BLOCKS = YES;
				GCC_OPTIMIZATION_LEVEL = 0;
				GCC_PREPROCESSOR_DEFINITIONS = (
					"DEBUG=1",
					"$(inherited)",
				);
				GCC_WARN_64_TO_32_BIT_CONVERSION = YES;
				GCC_WARN_ABOUT_RETURN_TYPE = YES_ERROR;
				GCC_WARN_UNDECLARED_SELECTOR = YES;
				GCC_WARN_UNINITIALIZED_AUTOS = YES_AGGRESSIVE;
				GCC_WARN_UNUSED_FUNCTION = YES;
				GCC_WARN_UNUSED_VARIABLE = YES;
				HEADER_SEARCH_PATHS = "${PROJECT_DIR}/iOSAssignment2";
				IPHONEOS_DEPLOYMENT_TARGET = 9.2;
				MTL_ENABLE_DEBUG_INFO = YES;
				ONLY_ACTIVE_ARCH = YES;
				SDKROOT = iphoneos;
			};
			name = Debug;
		};
		22B0EEE51C6C33BC00B2FA35 /* Release */ = {
			isa = XCBuildConfiguration;
			buildSettings = {
				ALWAYS_SEARCH_USER_PATHS = NO;
				CLANG_CXX_LANGUAGE_STANDARD = "gnu++0x";
				CLANG_CXX_LIBRARY = "libc++";
				CLANG_ENABLE_MODULES = YES;
				CLANG_ENABLE_OBJC_ARC = YES;
				CLANG_WARN_BOOL_CONVERSION = YES;
				CLANG_WARN_CONSTANT_CONVERSION = YES;
				CLANG_WARN_DIRECT_OBJC_ISA_USAGE = YES_ERROR;
				CLANG_WARN_EMPTY_BODY = YES;
				CLANG_WARN_ENUM_CONVERSION = YES;
				CLANG_WARN_INT_CONVERSION = YES;
				CLANG_WARN_OBJC_ROOT_CLASS = YES_ERROR;
				CLANG_WARN_UNREACHABLE_CODE = YES;
				CLANG_WARN__DUPLICATE_METHOD_MATCH = YES;
				"CODE_SIGN_IDENTITY[sdk=iphoneos*]" = "iPhone Developer";
				COPY_PHASE_STRIP = NO;
				DEBUG_INFORMATION_FORMAT = "dwarf-with-dsym";
				ENABLE_NS_ASSERTIONS = NO;
				ENABLE_STRICT_OBJC_MSGSEND = YES;
				GCC_C_LANGUAGE_STANDARD = gnu99;
				GCC_NO_COMMON_BLOCKS = YES;
				GCC_WARN_64_TO_32_BIT_CONVERSION = YES;
				GCC_WARN_ABOUT_RETURN_TYPE = YES_ERROR;
				GCC_WARN_UNDECLARED_SELECTOR = YES;
				GCC_WARN_UNINITIALIZED_AUTOS = YES_AGGRESSIVE;
				GCC_WARN_UNUSED_FUNCTION = YES;
				GCC_WARN_UNUSED_VARIABLE = YES;
				HEADER_SEARCH_PATHS = "${PROJECT_DIR}/iOSAssignment2";
				IPHONEOS_DEPLOYMENT_TARGET = 9.2;
				MTL_ENABLE_DEBUG_INFO = NO;
				SDKROOT = iphoneos;
				VALIDATE_PRODUCT = YES;
			};
			name = Release;
		};
		22B0EEE71C6C33BC00B2FA35 /* Debug */ = {
			isa = XCBuildConfiguration;
			buildSettings = {
				ASSETCATALOG_COMPILER_APPICON_NAME = AppIcon;
				CODE_SIGN_IDENTITY = "iPhone Developer";
				INFOPLIST_FILE = iOSAssignment2/Info.plist;
				IPHONEOS_DEPLOYMENT_TARGET = 8.0;
				LD_RUNPATH_SEARCH_PATHS = "$(inherited) @executable_path/Frameworks";
				PRODUCT_BUNDLE_IDENTIFIER = ca.klassen.iOSAssignment2;
				PRODUCT_NAME = "$(TARGET_NAME)";
			};
			name = Debug;
		};
		22B0EEE81C6C33BC00B2FA35 /* Release */ = {
			isa = XCBuildConfiguration;
			buildSettings = {
				ASSETCATALOG_COMPILER_APPICON_NAME = AppIcon;
				CODE_SIGN_IDENTITY = "iPhone Developer";
				INFOPLIST_FILE = iOSAssignment2/Info.plist;
				IPHONEOS_DEPLOYMENT_TARGET = 8.0;
				LD_RUNPATH_SEARCH_PATHS = "$(inherited) @executable_path/Frameworks";
				PRODUCT_BUNDLE_IDENTIFIER = ca.klassen.iOSAssignment2;
				PRODUCT_NAME = "$(TARGET_NAME)";
			};
			name = Release;
		};
/* End XCBuildConfiguration section */

/* Begin XCConfigurationList section */
		22B0EEC61C6C33BC00B2FA35 /* Build configuration list for PBXProject "iOSAssignment2" */ = {
			isa = XCConfigurationList;
			buildConfigurations = (
				22B0EEE41C6C33BC00B2FA35 /* Debug */,
				22B0EEE51C6C33BC00B2FA35 /* Release */,
			);
			defaultConfigurationIsVisible = 0;
			defaultConfigurationName = Release;
		};
		22B0EEE61C6C33BC00B2FA35 /* Build configuration list for PBXNativeTarget "iOSAssignment2" */ = {
			isa = XCConfigurationList;
			buildConfigurations = (
				22B0EEE71C6C33BC00B2FA35 /* Debug */,
				22B0EEE81C6C33BC00B2FA35 /* Release */,
			);
			defaultConfigurationIsVisible = 0;
			defaultConfigurationName = Release;
		};
/* End XCConfigurationList section */
	};
	rootObject = 22B0EEC31C6C33BC00B2FA35 /* Project object */;
}
